
Microsoft Visual Studio Solution File, Format Version 12.00
# Visual Studio Version 17
VisualStudioVersion = 17.3.32929.385
MinimumVisualStudioVersion = 10.0.40219.1
Project("{F184B08F-C81C-45F6-A57F-5ABD9991F28F}") = "FalloutLauncher", "FalloutLauncher.vbproj", "{455A01DD-E18E-43E4-B5E7-A0CBD765D4A0}"
EndProject
Global
	GlobalSection(SolutionConfigurationPlatforms) = preSolution
		Debug|Any CPU = Debug|Any CPU
		Release|Any CPU = Release|Any CPU
	EndGlobalSection
	GlobalSection(ProjectConfigurationPlatforms) = postSolution
		{455A01DD-E18E-43E4-B5E7-A0CBD765D4A0}.Debug|Any CPU.ActiveCfg = Debug|Any CPU
		{455A01DD-E18E-43E4-B5E7-A0CBD765D4A0}.Debug|Any CPU.Build.0 = Debug|Any CPU
		{455A01DD-E18E-43E4-B5E7-A0CBD765D4A0}.Release|Any CPU.ActiveCfg = Release|Any CPU
		{455A01DD-E18E-43E4-B5E7-A0CBD765D4A0}.Release|Any CPU.Build.0 = Release|Any CPU
	EndGlobalSection
	GlobalSection(SolutionProperties) = preSolution
		HideSolutionNode = FALSE
	EndGlobalSection
	GlobalSection(ExtensibilityGlobals) = postSolution
		SolutionGuid = {2D1D07CD-6857-472B-9CCC-30C9A3827F0E}
	EndGlobalSection
EndGlobal
